
Microsoft Visual Studio Solution File, Format Version 12.00
# Visual Studio Version 17
VisualStudioVersion = 17.0.31903.59
MinimumVisualStudioVersion = 10.0.40219.1
Project("{2150E333-8FDC-42A3-9474-1A3956D46DE8}") = "mmmattos-core", "mmmattos-core", "{1018E0D7-DE18-4163-B4FD-FF657703B373}"
EndProject
Project("{FAE04EC0-301F-11D3-BF4B-00C04F79EFBC}") = "MMattos.Core.Domain", "mmmattos-core\MMattos.Core.Domain\MMattos.Core.Domain.csproj", "{7D3AAEC9-31BD-464B-9CA9-440CBA79BB90}"
EndProject
Global
	GlobalSection(SolutionConfigurationPlatforms) = preSolution
		Debug|Any CPU = Debug|Any CPU
		Release|Any CPU = Release|Any CPU
	EndGlobalSection
	GlobalSection(SolutionProperties) = preSolution
		HideSolutionNode = FALSE
	EndGlobalSection
	GlobalSection(ProjectConfigurationPlatforms) = postSolution
		{7D3AAEC9-31BD-464B-9CA9-440CBA79BB90}.Debug|Any CPU.ActiveCfg = Debug|Any CPU
		{7D3AAEC9-31BD-464B-9CA9-440CBA79BB90}.Debug|Any CPU.Build.0 = Debug|Any CPU
		{7D3AAEC9-31BD-464B-9CA9-440CBA79BB90}.Release|Any CPU.ActiveCfg = Release|Any CPU
		{7D3AAEC9-31BD-464B-9CA9-440CBA79BB90}.Release|Any CPU.Build.0 = Release|Any CPU
	EndGlobalSection
	GlobalSection(NestedProjects) = preSolution
		{7D3AAEC9-31BD-464B-9CA9-440CBA79BB90} = {1018E0D7-DE18-4163-B4FD-FF657703B373}
	EndGlobalSection
EndGlobal
